
Microsoft Visual Studio Solution File, Format Version 12.00
# Visual Studio Version 17
VisualStudioVersion = 17.3.32901.215
MinimumVisualStudioVersion = 10.0.40219.1
Project("{FAE04EC0-301F-11D3-BF4B-00C04F79EFBC}") = "proje6", "proje6\proje6.csproj", "{09C1A0A1-5066-44F8-8344-3DEF49BCD366}"
EndProject
Global
	GlobalSection(SolutionConfigurationPlatforms) = preSolution
		Debug|Any CPU = Debug|Any CPU
		Release|Any CPU = Release|Any CPU
	EndGlobalSection
	GlobalSection(ProjectConfigurationPlatforms) = postSolution
		{09C1A0A1-5066-44F8-8344-3DEF49BCD366}.Debug|Any CPU.ActiveCfg = Debug|Any CPU
		{09C1A0A1-5066-44F8-8344-3DEF49BCD366}.Debug|Any CPU.Build.0 = Debug|Any CPU
		{09C1A0A1-5066-44F8-8344-3DEF49BCD366}.Release|Any CPU.ActiveCfg = Release|Any CPU
		{09C1A0A1-5066-44F8-8344-3DEF49BCD366}.Release|Any CPU.Build.0 = Release|Any CPU
	EndGlobalSection
	GlobalSection(SolutionProperties) = preSolution
		HideSolutionNode = FALSE
	EndGlobalSection
	GlobalSection(ExtensibilityGlobals) = postSolution
		SolutionGuid = {D067AE9A-D124-4AD1-AF76-3A1249DCC9F3}
	EndGlobalSection
EndGlobal
